
Microsoft Visual Studio Solution File, Format Version 12.00
# Visual Studio Version 16
VisualStudioVersion = 16.0.30503.244
MinimumVisualStudioVersion = 10.0.40219.1
Project("{FAE04EC0-301F-11D3-BF4B-00C04F79EFBC}") = "Plemiona", "Plemiona\Plemiona.csproj", "{B4C01549-E8A9-4AAA-8E06-804E86F337CD}"
EndProject
Global
	GlobalSection(SolutionConfigurationPlatforms) = preSolution
		Debug|Any CPU = Debug|Any CPU
		Release|Any CPU = Release|Any CPU
	EndGlobalSection
	GlobalSection(ProjectConfigurationPlatforms) = postSolution
		{B4C01549-E8A9-4AAA-8E06-804E86F337CD}.Debug|Any CPU.ActiveCfg = Debug|Any CPU
		{B4C01549-E8A9-4AAA-8E06-804E86F337CD}.Debug|Any CPU.Build.0 = Debug|Any CPU
		{B4C01549-E8A9-4AAA-8E06-804E86F337CD}.Release|Any CPU.ActiveCfg = Release|Any CPU
		{B4C01549-E8A9-4AAA-8E06-804E86F337CD}.Release|Any CPU.Build.0 = Release|Any CPU
	EndGlobalSection
	GlobalSection(SolutionProperties) = preSolution
		HideSolutionNode = FALSE
	EndGlobalSection
	GlobalSection(ExtensibilityGlobals) = postSolution
		SolutionGuid = {FFC0F440-33DA-4EFC-8ECA-5BC8F467C5A7}
	EndGlobalSection
EndGlobal
